
Microsoft Visual Studio Solution File, Format Version 12.00
# Visual Studio Version 17
VisualStudioVersion = 17.0.31903.59
MinimumVisualStudioVersion = 10.0.40219.1
Project("{9A19103F-16F7-4668-BE54-9A1E7A4F7556}") = "SKEventBus", "SKEventBus\SKEventBus.csproj", "{D892133B-79BD-4CBA-B476-1B2129BA465A}"
EndProject
Project("{9A19103F-16F7-4668-BE54-9A1E7A4F7556}") = "SKEventBus.ServiceBus", "SKEventBus.ServiceBus\SKEventBus.ServiceBus.csproj", "{44581024-1F99-4602-8B0B-37F1CB70147D}"
EndProject
Project("{9A19103F-16F7-4668-BE54-9A1E7A4F7556}") = "SKEventBus.ServiceBus.Tests", "SKEventBus.ServiceBus.Tests\SKEventBus.ServiceBus.Tests.csproj", "{258F3294-D096-4584-8645-5AC2C5AC5BE2}"
EndProject
Project("{2150E333-8FDC-42A3-9474-1A3956D46DE8}") = "Demo", "Demo", "{8AC5699E-883D-4801-8C2F-6566AB4684AE}"
EndProject
Project("{9A19103F-16F7-4668-BE54-9A1E7A4F7556}") = "Test.API", "Demo\Test.API\Test.API.csproj", "{41B284D2-95D4-424C-9478-073739214057}"
EndProject
Project("{9A19103F-16F7-4668-BE54-9A1E7A4F7556}") = "Events", "Demo\Events\Events.csproj", "{D43BC69A-EA82-4D51-A5A3-0408B60EDE97}"
EndProject
Project("{9A19103F-16F7-4668-BE54-9A1E7A4F7556}") = "SKEventBus.EventBridge", "SKEventBus.EventBridge\SKEventBus.EventBridge.csproj", "{AFA9E66A-E93D-4051-B20C-78E357045BE7}"
EndProject
Project("{9A19103F-16F7-4668-BE54-9A1E7A4F7556}") = "SKEventBus.SNS", "SKEventBus.SNS\SKEventBus.SNS.csproj", "{FB0F0A23-14CD-4DF9-8879-B7D4791FF29B}"
EndProject
Project("{9A19103F-16F7-4668-BE54-9A1E7A4F7556}") = "SKEventBus.SNS.Tests", "SKEventBus.SNS.Tests\SKEventBus.SNS.Tests.csproj", "{10D25156-7518-4E24-8BE8-09B9DFE83608}"
EndProject
Project("{FAE04EC0-301F-11D3-BF4B-00C04F79EFBC}") = "SKEventBus.Tests", "SKEventBus.Tests\SKEventBus.Tests.csproj", "{F9F49C30-409D-42CA-B80F-17D326F45C71}"
EndProject
Global
	GlobalSection(SolutionConfigurationPlatforms) = preSolution
		Debug|Any CPU = Debug|Any CPU
		Release|Any CPU = Release|Any CPU
	EndGlobalSection
	GlobalSection(ProjectConfigurationPlatforms) = postSolution
		{D892133B-79BD-4CBA-B476-1B2129BA465A}.Debug|Any CPU.ActiveCfg = Debug|Any CPU
		{D892133B-79BD-4CBA-B476-1B2129BA465A}.Debug|Any CPU.Build.0 = Debug|Any CPU
		{D892133B-79BD-4CBA-B476-1B2129BA465A}.Release|Any CPU.ActiveCfg = Release|Any CPU
		{D892133B-79BD-4CBA-B476-1B2129BA465A}.Release|Any CPU.Build.0 = Release|Any CPU
		{44581024-1F99-4602-8B0B-37F1CB70147D}.Debug|Any CPU.ActiveCfg = Debug|Any CPU
		{44581024-1F99-4602-8B0B-37F1CB70147D}.Debug|Any CPU.Build.0 = Debug|Any CPU
		{44581024-1F99-4602-8B0B-37F1CB70147D}.Release|Any CPU.ActiveCfg = Release|Any CPU
		{44581024-1F99-4602-8B0B-37F1CB70147D}.Release|Any CPU.Build.0 = Release|Any CPU
		{258F3294-D096-4584-8645-5AC2C5AC5BE2}.Debug|Any CPU.ActiveCfg = Debug|Any CPU
		{258F3294-D096-4584-8645-5AC2C5AC5BE2}.Debug|Any CPU.Build.0 = Debug|Any CPU
		{258F3294-D096-4584-8645-5AC2C5AC5BE2}.Release|Any CPU.ActiveCfg = Release|Any CPU
		{258F3294-D096-4584-8645-5AC2C5AC5BE2}.Release|Any CPU.Build.0 = Release|Any CPU
		{41B284D2-95D4-424C-9478-073739214057}.Debug|Any CPU.ActiveCfg = Debug|Any CPU
		{41B284D2-95D4-424C-9478-073739214057}.Debug|Any CPU.Build.0 = Debug|Any CPU
		{41B284D2-95D4-424C-9478-073739214057}.Release|Any CPU.ActiveCfg = Release|Any CPU
		{41B284D2-95D4-424C-9478-073739214057}.Release|Any CPU.Build.0 = Release|Any CPU
		{D43BC69A-EA82-4D51-A5A3-0408B60EDE97}.Debug|Any CPU.ActiveCfg = Debug|Any CPU
		{D43BC69A-EA82-4D51-A5A3-0408B60EDE97}.Debug|Any CPU.Build.0 = Debug|Any CPU
		{D43BC69A-EA82-4D51-A5A3-0408B60EDE97}.Release|Any CPU.ActiveCfg = Release|Any CPU
		{D43BC69A-EA82-4D51-A5A3-0408B60EDE97}.Release|Any CPU.Build.0 = Release|Any CPU
		{AFA9E66A-E93D-4051-B20C-78E357045BE7}.Debug|Any CPU.ActiveCfg = Debug|Any CPU
		{AFA9E66A-E93D-4051-B20C-78E357045BE7}.Debug|Any CPU.Build.0 = Debug|Any CPU
		{AFA9E66A-E93D-4051-B20C-78E357045BE7}.Release|Any CPU.ActiveCfg = Release|Any CPU
		{AFA9E66A-E93D-4051-B20C-78E357045BE7}.Release|Any CPU.Build.0 = Release|Any CPU
		{FB0F0A23-14CD-4DF9-8879-B7D4791FF29B}.Debug|Any CPU.ActiveCfg = Debug|Any CPU
		{FB0F0A23-14CD-4DF9-8879-B7D4791FF29B}.Debug|Any CPU.Build.0 = Debug|Any CPU
		{FB0F0A23-14CD-4DF9-8879-B7D4791FF29B}.Release|Any CPU.ActiveCfg = Release|Any CPU
		{FB0F0A23-14CD-4DF9-8879-B7D4791FF29B}.Release|Any CPU.Build.0 = Release|Any CPU
		{10D25156-7518-4E24-8BE8-09B9DFE83608}.Debug|Any CPU.ActiveCfg = Debug|Any CPU
		{10D25156-7518-4E24-8BE8-09B9DFE83608}.Debug|Any CPU.Build.0 = Debug|Any CPU
		{10D25156-7518-4E24-8BE8-09B9DFE83608}.Release|Any CPU.ActiveCfg = Release|Any CPU
		{10D25156-7518-4E24-8BE8-09B9DFE83608}.Release|Any CPU.Build.0 = Release|Any CPU
		{F9F49C30-409D-42CA-B80F-17D326F45C71}.Debug|Any CPU.ActiveCfg = Debug|Any CPU
		{F9F49C30-409D-42CA-B80F-17D326F45C71}.Debug|Any CPU.Build.0 = Debug|Any CPU
		{F9F49C30-409D-42CA-B80F-17D326F45C71}.Release|Any CPU.ActiveCfg = Release|Any CPU
		{F9F49C30-409D-42CA-B80F-17D326F45C71}.Release|Any CPU.Build.0 = Release|Any CPU
	EndGlobalSection
	GlobalSection(SolutionProperties) = preSolution
		HideSolutionNode = FALSE
	EndGlobalSection
	GlobalSection(NestedProjects) = preSolution
		{41B284D2-95D4-424C-9478-073739214057} = {8AC5699E-883D-4801-8C2F-6566AB4684AE}
		{D43BC69A-EA82-4D51-A5A3-0408B60EDE97} = {8AC5699E-883D-4801-8C2F-6566AB4684AE}
	EndGlobalSection
	GlobalSection(ExtensibilityGlobals) = postSolution
		SolutionGuid = {99EEC1A9-4CC1-4F7D-A545-43680DA37970}
	EndGlobalSection
EndGlobal
